
Microsoft Visual Studio Solution File, Format Version 12.00
# Visual Studio Version 16
VisualStudioVersion = 16.0.31025.194
MinimumVisualStudioVersion = 10.0.40219.1
Project("{FAE04EC0-301F-11D3-BF4B-00C04F79EFBC}") = "Vidly.Web", "Vidly.Web\Vidly.Web.csproj", "{999DCAD9-4F21-48F3-BB60-BC453E1D727E}"
EndProject
Global
	GlobalSection(SolutionConfigurationPlatforms) = preSolution
		Debug|Any CPU = Debug|Any CPU
		Release|Any CPU = Release|Any CPU
	EndGlobalSection
	GlobalSection(ProjectConfigurationPlatforms) = postSolution
		{999DCAD9-4F21-48F3-BB60-BC453E1D727E}.Debug|Any CPU.ActiveCfg = Debug|Any CPU
		{999DCAD9-4F21-48F3-BB60-BC453E1D727E}.Debug|Any CPU.Build.0 = Debug|Any CPU
		{999DCAD9-4F21-48F3-BB60-BC453E1D727E}.Release|Any CPU.ActiveCfg = Release|Any CPU
		{999DCAD9-4F21-48F3-BB60-BC453E1D727E}.Release|Any CPU.Build.0 = Release|Any CPU
	EndGlobalSection
	GlobalSection(SolutionProperties) = preSolution
		HideSolutionNode = FALSE
	EndGlobalSection
	GlobalSection(ExtensibilityGlobals) = postSolution
		SolutionGuid = {58704E62-EFD9-4C18-87BE-D4460BE01633}
	EndGlobalSection
EndGlobal
